
Microsoft Visual Studio Solution File, Format Version 12.00
# Visual Studio 15
VisualStudioVersion = 15.0.26430.14
MinimumVisualStudioVersion = 10.0.40219.1
Project("{9A19103F-16F7-4668-BE54-9A1E7A4F7556}") = "wheresmymovies", "wheresmymovies\wheresmymovies.csproj", "{D4B2F5E7-D52D-4D26-BDCB-F1C08E00303F}"
EndProject
Project("{9A19103F-16F7-4668-BE54-9A1E7A4F7556}") = "wheresmymovies.test", "wheresmymovies.test\wheresmymovies.test.csproj", "{EA3AD402-99B3-4A8E-B665-3E71C795D87A}"
EndProject
Project("{2150E333-8FDC-42A3-9474-1A3956D46DE8}") = "Settings", "Settings", "{F5D3D163-AD63-412A-B7AD-3B7828E383F1}"
EndProject
Global
	GlobalSection(SolutionConfigurationPlatforms) = preSolution
		Debug|Any CPU = Debug|Any CPU
		Debug|x64 = Debug|x64
		Debug|x86 = Debug|x86
		Release|Any CPU = Release|Any CPU
		Release|x64 = Release|x64
		Release|x86 = Release|x86
	EndGlobalSection
	GlobalSection(ProjectConfigurationPlatforms) = postSolution
		{D4B2F5E7-D52D-4D26-BDCB-F1C08E00303F}.Debug|Any CPU.ActiveCfg = Debug|Any CPU
		{D4B2F5E7-D52D-4D26-BDCB-F1C08E00303F}.Debug|Any CPU.Build.0 = Debug|Any CPU
		{D4B2F5E7-D52D-4D26-BDCB-F1C08E00303F}.Debug|x64.ActiveCfg = Debug|Any CPU
		{D4B2F5E7-D52D-4D26-BDCB-F1C08E00303F}.Debug|x64.Build.0 = Debug|Any CPU
		{D4B2F5E7-D52D-4D26-BDCB-F1C08E00303F}.Debug|x86.ActiveCfg = Debug|Any CPU
		{D4B2F5E7-D52D-4D26-BDCB-F1C08E00303F}.Debug|x86.Build.0 = Debug|Any CPU
		{D4B2F5E7-D52D-4D26-BDCB-F1C08E00303F}.Release|Any CPU.ActiveCfg = Release|Any CPU
		{D4B2F5E7-D52D-4D26-BDCB-F1C08E00303F}.Release|Any CPU.Build.0 = Release|Any CPU
		{D4B2F5E7-D52D-4D26-BDCB-F1C08E00303F}.Release|x64.ActiveCfg = Release|Any CPU
		{D4B2F5E7-D52D-4D26-BDCB-F1C08E00303F}.Release|x64.Build.0 = Release|Any CPU
		{D4B2F5E7-D52D-4D26-BDCB-F1C08E00303F}.Release|x86.ActiveCfg = Release|Any CPU
		{D4B2F5E7-D52D-4D26-BDCB-F1C08E00303F}.Release|x86.Build.0 = Release|Any CPU
		{EA3AD402-99B3-4A8E-B665-3E71C795D87A}.Debug|Any CPU.ActiveCfg = Debug|Any CPU
		{EA3AD402-99B3-4A8E-B665-3E71C795D87A}.Debug|Any CPU.Build.0 = Debug|Any CPU
		{EA3AD402-99B3-4A8E-B665-3E71C795D87A}.Debug|x64.ActiveCfg = Debug|Any CPU
		{EA3AD402-99B3-4A8E-B665-3E71C795D87A}.Debug|x64.Build.0 = Debug|Any CPU
		{EA3AD402-99B3-4A8E-B665-3E71C795D87A}.Debug|x86.ActiveCfg = Debug|Any CPU
		{EA3AD402-99B3-4A8E-B665-3E71C795D87A}.Debug|x86.Build.0 = Debug|Any CPU
		{EA3AD402-99B3-4A8E-B665-3E71C795D87A}.Release|Any CPU.ActiveCfg = Release|Any CPU
		{EA3AD402-99B3-4A8E-B665-3E71C795D87A}.Release|Any CPU.Build.0 = Release|Any CPU
		{EA3AD402-99B3-4A8E-B665-3E71C795D87A}.Release|x64.ActiveCfg = Release|Any CPU
		{EA3AD402-99B3-4A8E-B665-3E71C795D87A}.Release|x64.Build.0 = Release|Any CPU
		{EA3AD402-99B3-4A8E-B665-3E71C795D87A}.Release|x86.ActiveCfg = Release|Any CPU
		{EA3AD402-99B3-4A8E-B665-3E71C795D87A}.Release|x86.Build.0 = Release|Any CPU
	EndGlobalSection
	GlobalSection(SolutionProperties) = preSolution
		HideSolutionNode = FALSE
	EndGlobalSection
EndGlobal
