
Microsoft Visual Studio Solution File, Format Version 12.00
# Visual Studio 15
VisualStudioVersion = 15.0.26124.0
MinimumVisualStudioVersion = 15.0.26124.0
Project("{FAE04EC0-301F-11D3-BF4B-00C04F79EFBC}") = "wheresmymovies.host", "wheresmymovies.host\wheresmymovies.host.csproj", "{EE57D62E-B43E-4C96-86C6-BFE2C6112121}"
EndProject
Project("{FAE04EC0-301F-11D3-BF4B-00C04F79EFBC}") = "wheresmymovies.service", "wheresmymovies.service\wheresmymovies.service.csproj", "{DF076339-18ED-4D3A-97A8-5512DA652D8A}"
EndProject
Project("{FAE04EC0-301F-11D3-BF4B-00C04F79EFBC}") = "wheresmymovies.entities", "wheresmymovies.entities\wheresmymovies.entities.csproj", "{33301355-01BE-4653-AA23-C579BE2688E8}"
EndProject
Global
	GlobalSection(SolutionConfigurationPlatforms) = preSolution
		Debug|Any CPU = Debug|Any CPU
		Debug|x64 = Debug|x64
		Debug|x86 = Debug|x86
		Release|Any CPU = Release|Any CPU
		Release|x64 = Release|x64
		Release|x86 = Release|x86
	EndGlobalSection
	GlobalSection(SolutionProperties) = preSolution
		HideSolutionNode = FALSE
	EndGlobalSection
	GlobalSection(ProjectConfigurationPlatforms) = postSolution
		{EE57D62E-B43E-4C96-86C6-BFE2C6112121}.Debug|Any CPU.ActiveCfg = Debug|Any CPU
		{EE57D62E-B43E-4C96-86C6-BFE2C6112121}.Debug|Any CPU.Build.0 = Debug|Any CPU
		{EE57D62E-B43E-4C96-86C6-BFE2C6112121}.Debug|x64.ActiveCfg = Debug|Any CPU
		{EE57D62E-B43E-4C96-86C6-BFE2C6112121}.Debug|x64.Build.0 = Debug|Any CPU
		{EE57D62E-B43E-4C96-86C6-BFE2C6112121}.Debug|x86.ActiveCfg = Debug|Any CPU
		{EE57D62E-B43E-4C96-86C6-BFE2C6112121}.Debug|x86.Build.0 = Debug|Any CPU
		{EE57D62E-B43E-4C96-86C6-BFE2C6112121}.Release|Any CPU.ActiveCfg = Release|Any CPU
		{EE57D62E-B43E-4C96-86C6-BFE2C6112121}.Release|Any CPU.Build.0 = Release|Any CPU
		{EE57D62E-B43E-4C96-86C6-BFE2C6112121}.Release|x64.ActiveCfg = Release|Any CPU
		{EE57D62E-B43E-4C96-86C6-BFE2C6112121}.Release|x64.Build.0 = Release|Any CPU
		{EE57D62E-B43E-4C96-86C6-BFE2C6112121}.Release|x86.ActiveCfg = Release|Any CPU
		{EE57D62E-B43E-4C96-86C6-BFE2C6112121}.Release|x86.Build.0 = Release|Any CPU
		{DF076339-18ED-4D3A-97A8-5512DA652D8A}.Debug|Any CPU.ActiveCfg = Debug|Any CPU
		{DF076339-18ED-4D3A-97A8-5512DA652D8A}.Debug|Any CPU.Build.0 = Debug|Any CPU
		{DF076339-18ED-4D3A-97A8-5512DA652D8A}.Debug|x64.ActiveCfg = Debug|Any CPU
		{DF076339-18ED-4D3A-97A8-5512DA652D8A}.Debug|x64.Build.0 = Debug|Any CPU
		{DF076339-18ED-4D3A-97A8-5512DA652D8A}.Debug|x86.ActiveCfg = Debug|Any CPU
		{DF076339-18ED-4D3A-97A8-5512DA652D8A}.Debug|x86.Build.0 = Debug|Any CPU
		{DF076339-18ED-4D3A-97A8-5512DA652D8A}.Release|Any CPU.ActiveCfg = Release|Any CPU
		{DF076339-18ED-4D3A-97A8-5512DA652D8A}.Release|Any CPU.Build.0 = Release|Any CPU
		{DF076339-18ED-4D3A-97A8-5512DA652D8A}.Release|x64.ActiveCfg = Release|Any CPU
		{DF076339-18ED-4D3A-97A8-5512DA652D8A}.Release|x64.Build.0 = Release|Any CPU
		{DF076339-18ED-4D3A-97A8-5512DA652D8A}.Release|x86.ActiveCfg = Release|Any CPU
		{DF076339-18ED-4D3A-97A8-5512DA652D8A}.Release|x86.Build.0 = Release|Any CPU
		{33301355-01BE-4653-AA23-C579BE2688E8}.Debug|Any CPU.ActiveCfg = Debug|Any CPU
		{33301355-01BE-4653-AA23-C579BE2688E8}.Debug|Any CPU.Build.0 = Debug|Any CPU
		{33301355-01BE-4653-AA23-C579BE2688E8}.Debug|x64.ActiveCfg = Debug|Any CPU
		{33301355-01BE-4653-AA23-C579BE2688E8}.Debug|x64.Build.0 = Debug|Any CPU
		{33301355-01BE-4653-AA23-C579BE2688E8}.Debug|x86.ActiveCfg = Debug|Any CPU
		{33301355-01BE-4653-AA23-C579BE2688E8}.Debug|x86.Build.0 = Debug|Any CPU
		{33301355-01BE-4653-AA23-C579BE2688E8}.Release|Any CPU.ActiveCfg = Release|Any CPU
		{33301355-01BE-4653-AA23-C579BE2688E8}.Release|Any CPU.Build.0 = Release|Any CPU
		{33301355-01BE-4653-AA23-C579BE2688E8}.Release|x64.ActiveCfg = Release|Any CPU
		{33301355-01BE-4653-AA23-C579BE2688E8}.Release|x64.Build.0 = Release|Any CPU
		{33301355-01BE-4653-AA23-C579BE2688E8}.Release|x86.ActiveCfg = Release|Any CPU
		{33301355-01BE-4653-AA23-C579BE2688E8}.Release|x86.Build.0 = Release|Any CPU
	EndGlobalSection
EndGlobal
