
Microsoft Visual Studio Solution File, Format Version 12.00
# Visual Studio 15
VisualStudioVersion = 15.0.26124.0
MinimumVisualStudioVersion = 15.0.26124.0
Project("{FAE04EC0-301F-11D3-BF4B-00C04F79EFBC}") = "wheresmymovies.host", "wheresmymovies.host\wheresmymovies.host.csproj", "{F6079D3A-3853-4D4A-82E2-BF9FB8F2DD22}"
EndProject
Project("{FAE04EC0-301F-11D3-BF4B-00C04F79EFBC}") = "wheresmymovies.service", "wheresmymovies.service\wheresmymovies.service.csproj", "{6DB41944-A6E7-4331-9658-FEB19249683A}"
EndProject
Project("{2150E333-8FDC-42A3-9474-1A3956D46DE8}") = "Tests", "Tests", "{E90A3930-5303-4331-BFE9-B8DACAEC7FCF}"
EndProject
Project("{FAE04EC0-301F-11D3-BF4B-00C04F79EFBC}") = "wheresmymovies.host.tests", "wheresmymovies.host.tests\wheresmymovies.host.tests.csproj", "{2C9DD9EC-7EA8-4DF9-ADF4-D91ED6E8563C}"
EndProject
Project("{FAE04EC0-301F-11D3-BF4B-00C04F79EFBC}") = "wheresmymovies.service.tests", "wheresmymovies.service.tests\wheresmymovies.service.tests.csproj", "{FEFE0404-8471-4BFD-A35E-802368F05976}"
EndProject
Project("{FAE04EC0-301F-11D3-BF4B-00C04F79EFBC}") = "wheresmymovies.entities", "wheresmymovies.entities\wheresmymovies.entities.csproj", "{143A2765-5011-48A0-AC45-70C721351C95}"
EndProject
Global
	GlobalSection(SolutionConfigurationPlatforms) = preSolution
		Debug|Any CPU = Debug|Any CPU
		Debug|x64 = Debug|x64
		Debug|x86 = Debug|x86
		Release|Any CPU = Release|Any CPU
		Release|x64 = Release|x64
		Release|x86 = Release|x86
	EndGlobalSection
	GlobalSection(SolutionProperties) = preSolution
		HideSolutionNode = FALSE
	EndGlobalSection
	GlobalSection(ProjectConfigurationPlatforms) = postSolution
		{F6079D3A-3853-4D4A-82E2-BF9FB8F2DD22}.Debug|Any CPU.ActiveCfg = Debug|Any CPU
		{F6079D3A-3853-4D4A-82E2-BF9FB8F2DD22}.Debug|Any CPU.Build.0 = Debug|Any CPU
		{F6079D3A-3853-4D4A-82E2-BF9FB8F2DD22}.Debug|x64.ActiveCfg = Debug|Any CPU
		{F6079D3A-3853-4D4A-82E2-BF9FB8F2DD22}.Debug|x64.Build.0 = Debug|Any CPU
		{F6079D3A-3853-4D4A-82E2-BF9FB8F2DD22}.Debug|x86.ActiveCfg = Debug|Any CPU
		{F6079D3A-3853-4D4A-82E2-BF9FB8F2DD22}.Debug|x86.Build.0 = Debug|Any CPU
		{F6079D3A-3853-4D4A-82E2-BF9FB8F2DD22}.Release|Any CPU.ActiveCfg = Release|Any CPU
		{F6079D3A-3853-4D4A-82E2-BF9FB8F2DD22}.Release|Any CPU.Build.0 = Release|Any CPU
		{F6079D3A-3853-4D4A-82E2-BF9FB8F2DD22}.Release|x64.ActiveCfg = Release|Any CPU
		{F6079D3A-3853-4D4A-82E2-BF9FB8F2DD22}.Release|x64.Build.0 = Release|Any CPU
		{F6079D3A-3853-4D4A-82E2-BF9FB8F2DD22}.Release|x86.ActiveCfg = Release|Any CPU
		{F6079D3A-3853-4D4A-82E2-BF9FB8F2DD22}.Release|x86.Build.0 = Release|Any CPU
		{6DB41944-A6E7-4331-9658-FEB19249683A}.Debug|Any CPU.ActiveCfg = Debug|Any CPU
		{6DB41944-A6E7-4331-9658-FEB19249683A}.Debug|Any CPU.Build.0 = Debug|Any CPU
		{6DB41944-A6E7-4331-9658-FEB19249683A}.Debug|x64.ActiveCfg = Debug|Any CPU
		{6DB41944-A6E7-4331-9658-FEB19249683A}.Debug|x64.Build.0 = Debug|Any CPU
		{6DB41944-A6E7-4331-9658-FEB19249683A}.Debug|x86.ActiveCfg = Debug|Any CPU
		{6DB41944-A6E7-4331-9658-FEB19249683A}.Debug|x86.Build.0 = Debug|Any CPU
		{6DB41944-A6E7-4331-9658-FEB19249683A}.Release|Any CPU.ActiveCfg = Release|Any CPU
		{6DB41944-A6E7-4331-9658-FEB19249683A}.Release|Any CPU.Build.0 = Release|Any CPU
		{6DB41944-A6E7-4331-9658-FEB19249683A}.Release|x64.ActiveCfg = Release|Any CPU
		{6DB41944-A6E7-4331-9658-FEB19249683A}.Release|x64.Build.0 = Release|Any CPU
		{6DB41944-A6E7-4331-9658-FEB19249683A}.Release|x86.ActiveCfg = Release|Any CPU
		{6DB41944-A6E7-4331-9658-FEB19249683A}.Release|x86.Build.0 = Release|Any CPU
		{2C9DD9EC-7EA8-4DF9-ADF4-D91ED6E8563C}.Debug|Any CPU.ActiveCfg = Debug|Any CPU
		{2C9DD9EC-7EA8-4DF9-ADF4-D91ED6E8563C}.Debug|Any CPU.Build.0 = Debug|Any CPU
		{2C9DD9EC-7EA8-4DF9-ADF4-D91ED6E8563C}.Debug|x64.ActiveCfg = Debug|Any CPU
		{2C9DD9EC-7EA8-4DF9-ADF4-D91ED6E8563C}.Debug|x64.Build.0 = Debug|Any CPU
		{2C9DD9EC-7EA8-4DF9-ADF4-D91ED6E8563C}.Debug|x86.ActiveCfg = Debug|Any CPU
		{2C9DD9EC-7EA8-4DF9-ADF4-D91ED6E8563C}.Debug|x86.Build.0 = Debug|Any CPU
		{2C9DD9EC-7EA8-4DF9-ADF4-D91ED6E8563C}.Release|Any CPU.ActiveCfg = Release|Any CPU
		{2C9DD9EC-7EA8-4DF9-ADF4-D91ED6E8563C}.Release|Any CPU.Build.0 = Release|Any CPU
		{2C9DD9EC-7EA8-4DF9-ADF4-D91ED6E8563C}.Release|x64.ActiveCfg = Release|Any CPU
		{2C9DD9EC-7EA8-4DF9-ADF4-D91ED6E8563C}.Release|x64.Build.0 = Release|Any CPU
		{2C9DD9EC-7EA8-4DF9-ADF4-D91ED6E8563C}.Release|x86.ActiveCfg = Release|Any CPU
		{2C9DD9EC-7EA8-4DF9-ADF4-D91ED6E8563C}.Release|x86.Build.0 = Release|Any CPU
		{FEFE0404-8471-4BFD-A35E-802368F05976}.Debug|Any CPU.ActiveCfg = Debug|Any CPU
		{FEFE0404-8471-4BFD-A35E-802368F05976}.Debug|Any CPU.Build.0 = Debug|Any CPU
		{FEFE0404-8471-4BFD-A35E-802368F05976}.Debug|x64.ActiveCfg = Debug|Any CPU
		{FEFE0404-8471-4BFD-A35E-802368F05976}.Debug|x64.Build.0 = Debug|Any CPU
		{FEFE0404-8471-4BFD-A35E-802368F05976}.Debug|x86.ActiveCfg = Debug|Any CPU
		{FEFE0404-8471-4BFD-A35E-802368F05976}.Debug|x86.Build.0 = Debug|Any CPU
		{FEFE0404-8471-4BFD-A35E-802368F05976}.Release|Any CPU.ActiveCfg = Release|Any CPU
		{FEFE0404-8471-4BFD-A35E-802368F05976}.Release|Any CPU.Build.0 = Release|Any CPU
		{FEFE0404-8471-4BFD-A35E-802368F05976}.Release|x64.ActiveCfg = Release|Any CPU
		{FEFE0404-8471-4BFD-A35E-802368F05976}.Release|x64.Build.0 = Release|Any CPU
		{FEFE0404-8471-4BFD-A35E-802368F05976}.Release|x86.ActiveCfg = Release|Any CPU
		{FEFE0404-8471-4BFD-A35E-802368F05976}.Release|x86.Build.0 = Release|Any CPU
		{143A2765-5011-48A0-AC45-70C721351C95}.Debug|Any CPU.ActiveCfg = Debug|Any CPU
		{143A2765-5011-48A0-AC45-70C721351C95}.Debug|Any CPU.Build.0 = Debug|Any CPU
		{143A2765-5011-48A0-AC45-70C721351C95}.Debug|x64.ActiveCfg = Debug|Any CPU
		{143A2765-5011-48A0-AC45-70C721351C95}.Debug|x64.Build.0 = Debug|Any CPU
		{143A2765-5011-48A0-AC45-70C721351C95}.Debug|x86.ActiveCfg = Debug|Any CPU
		{143A2765-5011-48A0-AC45-70C721351C95}.Debug|x86.Build.0 = Debug|Any CPU
		{143A2765-5011-48A0-AC45-70C721351C95}.Release|Any CPU.ActiveCfg = Release|Any CPU
		{143A2765-5011-48A0-AC45-70C721351C95}.Release|Any CPU.Build.0 = Release|Any CPU
		{143A2765-5011-48A0-AC45-70C721351C95}.Release|x64.ActiveCfg = Release|Any CPU
		{143A2765-5011-48A0-AC45-70C721351C95}.Release|x64.Build.0 = Release|Any CPU
		{143A2765-5011-48A0-AC45-70C721351C95}.Release|x86.ActiveCfg = Release|Any CPU
		{143A2765-5011-48A0-AC45-70C721351C95}.Release|x86.Build.0 = Release|Any CPU
	EndGlobalSection
	GlobalSection(NestedProjects) = preSolution
		{2C9DD9EC-7EA8-4DF9-ADF4-D91ED6E8563C} = {E90A3930-5303-4331-BFE9-B8DACAEC7FCF}
		{FEFE0404-8471-4BFD-A35E-802368F05976} = {E90A3930-5303-4331-BFE9-B8DACAEC7FCF}
	EndGlobalSection
EndGlobal
