
Microsoft Visual Studio Solution File, Format Version 12.00
# Visual Studio 14
VisualStudioVersion = 14.0.23107.0
MinimumVisualStudioVersion = 10.0.40219.1
Project("{2150E333-8FDC-42A3-9474-1A3956D46DE8}") = "src", "src", "{B8C56175-BAC0-4DC3-8A0A-6C398014D182}"
EndProject
Project("{2150E333-8FDC-42A3-9474-1A3956D46DE8}") = "Solution Items", "Solution Items", "{5B49E850-DFB7-4B2E-8F82-0B30EEF07DBC}"
	ProjectSection(SolutionItems) = preProject
		global.json = global.json
	EndProjectSection
EndProject
Project("{8BB2217D-0F2D-49D1-97BC-3654ED321F3B}") = "wheresmymovies", "src\wheresmymovies\wheresmymovies.xproj", "{8AC256C1-9495-4505-97F4-2E1FA2E4E0FF}"
EndProject
Project("{2150E333-8FDC-42A3-9474-1A3956D46DE8}") = "PublishScripts", "PublishScripts", "{48BA4806-8CF6-42DA-9737-41ED15DAD003}"
	ProjectSection(SolutionItems) = preProject
		PublishScripts\AzureVMPublishModule.psm1 = PublishScripts\AzureVMPublishModule.psm1
		PublishScripts\Publish-WebApplicationVM.ps1 = PublishScripts\Publish-WebApplicationVM.ps1
	EndProjectSection
EndProject
Project("{2150E333-8FDC-42A3-9474-1A3956D46DE8}") = "Configurations", "Configurations", "{D11F3D42-9EBC-4235-904C-32DD23293185}"
	ProjectSection(SolutionItems) = preProject
		PublishScripts\Configurations\wheresmymovies-WAWS-dev.json = PublishScripts\Configurations\wheresmymovies-WAWS-dev.json
	EndProjectSection
EndProject
Project("{2150E333-8FDC-42A3-9474-1A3956D46DE8}") = "test", "test", "{273D49C4-B67D-4438-8D9D-65B9E08AA77F}"
EndProject
Project("{8BB2217D-0F2D-49D1-97BC-3654ED321F3B}") = "test", "test\test.xproj", "{6FF760EC-28B9-4A53-8831-37346F8FA0A2}"
	ProjectSection(ProjectDependencies) = postProject
		{8AC256C1-9495-4505-97F4-2E1FA2E4E0FF} = {8AC256C1-9495-4505-97F4-2E1FA2E4E0FF}
	EndProjectSection
EndProject
Global
	GlobalSection(SolutionConfigurationPlatforms) = preSolution
		Debug|Any CPU = Debug|Any CPU
		Release|Any CPU = Release|Any CPU
	EndGlobalSection
	GlobalSection(ProjectConfigurationPlatforms) = postSolution
		{8AC256C1-9495-4505-97F4-2E1FA2E4E0FF}.Debug|Any CPU.ActiveCfg = Debug|Any CPU
		{8AC256C1-9495-4505-97F4-2E1FA2E4E0FF}.Debug|Any CPU.Build.0 = Debug|Any CPU
		{8AC256C1-9495-4505-97F4-2E1FA2E4E0FF}.Release|Any CPU.ActiveCfg = Release|Any CPU
		{8AC256C1-9495-4505-97F4-2E1FA2E4E0FF}.Release|Any CPU.Build.0 = Release|Any CPU
		{6FF760EC-28B9-4A53-8831-37346F8FA0A2}.Debug|Any CPU.ActiveCfg = Debug|Any CPU
		{6FF760EC-28B9-4A53-8831-37346F8FA0A2}.Debug|Any CPU.Build.0 = Debug|Any CPU
		{6FF760EC-28B9-4A53-8831-37346F8FA0A2}.Release|Any CPU.ActiveCfg = Release|Any CPU
		{6FF760EC-28B9-4A53-8831-37346F8FA0A2}.Release|Any CPU.Build.0 = Release|Any CPU
	EndGlobalSection
	GlobalSection(SolutionProperties) = preSolution
		HideSolutionNode = FALSE
	EndGlobalSection
	GlobalSection(NestedProjects) = preSolution
		{8AC256C1-9495-4505-97F4-2E1FA2E4E0FF} = {B8C56175-BAC0-4DC3-8A0A-6C398014D182}
		{D11F3D42-9EBC-4235-904C-32DD23293185} = {48BA4806-8CF6-42DA-9737-41ED15DAD003}
		{6FF760EC-28B9-4A53-8831-37346F8FA0A2} = {273D49C4-B67D-4438-8D9D-65B9E08AA77F}
	EndGlobalSection
EndGlobal
